// !$*UTF8*$!
{
	archiveVersion = 1;
	classes = {
	};
	objectVersion = 50;
	objects = {

/* Begin PBXBuildFile section */
		B67E6436253E109F00D40F58 /* PushNotificationPayload.apns in Resources */ = {isa = PBXBuildFile; fileRef = B67E6435253E109F00D40F58 /* PushNotificationPayload.apns */; };
		B683ACE9253DE16400759C66 /* SampleNotifcation WatchKit App.app in Embed Watch Content */ = {isa = PBXBuildFile; fileRef = B683ACE8253DE16400759C66 /* SampleNotifcation WatchKit App.app */; settings = {ATTRIBUTES = (RemoveHeadersOnCopy, ); }; };
		B683ACEF253DE16400759C66 /* Interface.storyboard in Resources */ = {isa = PBXBuildFile; fileRef = B683ACED253DE16400759C66 /* Interface.storyboard */; };
		B683ACF1253DE16500759C66 /* Assets.xcassets in Resources */ = {isa = PBXBuildFile; fileRef = B683ACF0253DE16500759C66 /* Assets.xcassets */; };
		B683ACF8253DE16500759C66 /* SampleNotifcation WatchKit Extension.appex in Embed App Extensions */ = {isa = PBXBuildFile; fileRef = B683ACF7253DE16500759C66 /* SampleNotifcation WatchKit Extension.appex */; settings = {ATTRIBUTES = (RemoveHeadersOnCopy, ); }; };
		B683ACFD253DE16500759C66 /* InterfaceController.swift in Sources */ = {isa = PBXBuildFile; fileRef = B683ACFC253DE16500759C66 /* InterfaceController.swift */; };
		B683ACFF253DE16500759C66 /* ExtensionDelegate.swift in Sources */ = {isa = PBXBuildFile; fileRef = B683ACFE253DE16500759C66 /* ExtensionDelegate.swift */; };
		B683AD01253DE16500759C66 /* NotificationController.swift in Sources */ = {isa = PBXBuildFile; fileRef = B683AD00253DE16500759C66 /* NotificationController.swift */; };
		B683AD03253DE16500759C66 /* ComplicationController.swift in Sources */ = {isa = PBXBuildFile; fileRef = B683AD02253DE16500759C66 /* ComplicationController.swift */; };
		B683AD05253DE16600759C66 /* Assets.xcassets in Resources */ = {isa = PBXBuildFile; fileRef = B683AD04253DE16600759C66 /* Assets.xcassets */; };
		B683AD21253DE19600759C66 /* NotificationProcessor.swift in Sources */ = {isa = PBXBuildFile; fileRef = B683AD20253DE19600759C66 /* NotificationProcessor.swift */; };
/* End PBXBuildFile section */

/* Begin PBXContainerItemProxy section */
		B683ACEA253DE16400759C66 /* PBXContainerItemProxy */ = {
			isa = PBXContainerItemProxy;
			containerPortal = B683ACDE253DE16400759C66 /* Project object */;
			proxyType = 1;
			remoteGlobalIDString = B683ACE7253DE16400759C66;
			remoteInfo = "SampleNotifcation WatchKit App";
		};
		B683ACF9253DE16500759C66 /* PBXContainerItemProxy */ = {
			isa = PBXContainerItemProxy;
			containerPortal = B683ACDE253DE16400759C66 /* Project object */;
			proxyType = 1;
			remoteGlobalIDString = B683ACF6253DE16500759C66;
			remoteInfo = "SampleNotifcation WatchKit Extension";
		};
/* End PBXContainerItemProxy section */

/* Begin PBXCopyFilesBuildPhase section */
		B683AD0D253DE16600759C66 /* Embed App Extensions */ = {
			isa = PBXCopyFilesBuildPhase;
			buildActionMask = 2147483647;
			dstPath = "";
			dstSubfolderSpec = 13;
			files = (
				B683ACF8253DE16500759C66 /* SampleNotifcation WatchKit Extension.appex in Embed App Extensions */,
			);
			name = "Embed App Extensions";
			runOnlyForDeploymentPostprocessing = 0;
		};
		B683AD11253DE16600759C66 /* Embed Watch Content */ = {
			isa = PBXCopyFilesBuildPhase;
			buildActionMask = 2147483647;
			dstPath = "$(CONTENTS_FOLDER_PATH)/Watch";
			dstSubfolderSpec = 16;
			files = (
				B683ACE9253DE16400759C66 /* SampleNotifcation WatchKit App.app in Embed Watch Content */,
			);
			name = "Embed Watch Content";
			runOnlyForDeploymentPostprocessing = 0;
		};
/* End PBXCopyFilesBuildPhase section */

/* Begin PBXFileReference section */
		B67E6435253E109F00D40F58 /* PushNotificationPayload.apns */ = {isa = PBXFileReference; fileEncoding = 4; lastKnownFileType = text; path = PushNotificationPayload.apns; sourceTree = "<group>"; };
		B683ACE4253DE16400759C66 /* SampleNotifcation.app */ = {isa = PBXFileReference; explicitFileType = wrapper.application; includeInIndex = 0; path = SampleNotifcation.app; sourceTree = BUILT_PRODUCTS_DIR; };
		B683ACE8253DE16400759C66 /* SampleNotifcation WatchKit App.app */ = {isa = PBXFileReference; explicitFileType = wrapper.application; includeInIndex = 0; path = "SampleNotifcation WatchKit App.app"; sourceTree = BUILT_PRODUCTS_DIR; };
		B683ACEE253DE16400759C66 /* Base */ = {isa = PBXFileReference; lastKnownFileType = file.storyboard; name = Base; path = Base.lproj/Interface.storyboard; sourceTree = "<group>"; };
		B683ACF0253DE16500759C66 /* Assets.xcassets */ = {isa = PBXFileReference; lastKnownFileType = folder.assetcatalog; path = Assets.xcassets; sourceTree = "<group>"; };
		B683ACF2253DE16500759C66 /* Info.plist */ = {isa = PBXFileReference; lastKnownFileType = text.plist.xml; path = Info.plist; sourceTree = "<group>"; };
		B683ACF7253DE16500759C66 /* SampleNotifcation WatchKit Extension.appex */ = {isa = PBXFileReference; explicitFileType = "wrapper.app-extension"; includeInIndex = 0; path = "SampleNotifcation WatchKit Extension.appex"; sourceTree = BUILT_PRODUCTS_DIR; };
		B683ACFC253DE16500759C66 /* InterfaceController.swift */ = {isa = PBXFileReference; lastKnownFileType = sourcecode.swift; path = InterfaceController.swift; sourceTree = "<group>"; };
		B683ACFE253DE16500759C66 /* ExtensionDelegate.swift */ = {isa = PBXFileReference; lastKnownFileType = sourcecode.swift; path = ExtensionDelegate.swift; sourceTree = "<group>"; };
		B683AD00253DE16500759C66 /* NotificationController.swift */ = {isa = PBXFileReference; lastKnownFileType = sourcecode.swift; path = NotificationController.swift; sourceTree = "<group>"; };
		B683AD02253DE16500759C66 /* ComplicationController.swift */ = {isa = PBXFileReference; lastKnownFileType = sourcecode.swift; path = ComplicationController.swift; sourceTree = "<group>"; };
		B683AD04253DE16600759C66 /* Assets.xcassets */ = {isa = PBXFileReference; lastKnownFileType = folder.assetcatalog; path = Assets.xcassets; sourceTree = "<group>"; };
		B683AD06253DE16600759C66 /* Info.plist */ = {isa = PBXFileReference; lastKnownFileType = text.plist.xml; path = Info.plist; sourceTree = "<group>"; };
		B683AD07253DE16600759C66 /* PushNotificationPayload.apns */ = {isa = PBXFileReference; lastKnownFileType = text; path = PushNotificationPayload.apns; sourceTree = "<group>"; };
		B683AD20253DE19600759C66 /* NotificationProcessor.swift */ = {isa = PBXFileReference; fileEncoding = 4; lastKnownFileType = sourcecode.swift; path = NotificationProcessor.swift; sourceTree = "<group>"; };
/* End PBXFileReference section */

/* Begin PBXFrameworksBuildPhase section */
		B683ACF4253DE16500759C66 /* Frameworks */ = {
			isa = PBXFrameworksBuildPhase;
			buildActionMask = 2147483647;
			files = (
			);
			runOnlyForDeploymentPostprocessing = 0;
		};
/* End PBXFrameworksBuildPhase section */

/* Begin PBXGroup section */
		B683ACDD253DE16400759C66 = {
			isa = PBXGroup;
			children = (
				B683ACEC253DE16400759C66 /* SampleNotifcation WatchKit App */,
				B683ACFB253DE16500759C66 /* SampleNotifcation WatchKit Extension */,
				B683ACE5253DE16400759C66 /* Products */,
			);
			sourceTree = "<group>";
		};
		B683ACE5253DE16400759C66 /* Products */ = {
			isa = PBXGroup;
			children = (
				B683ACE4253DE16400759C66 /* SampleNotifcation.app */,
				B683ACE8253DE16400759C66 /* SampleNotifcation WatchKit App.app */,
				B683ACF7253DE16500759C66 /* SampleNotifcation WatchKit Extension.appex */,
			);
			name = Products;
			sourceTree = "<group>";
		};
		B683ACEC253DE16400759C66 /* SampleNotifcation WatchKit App */ = {
			isa = PBXGroup;
			children = (
				B683ACED253DE16400759C66 /* Interface.storyboard */,
				B683ACF0253DE16500759C66 /* Assets.xcassets */,
				B683ACF2253DE16500759C66 /* Info.plist */,
			);
			path = "SampleNotifcation WatchKit App";
			sourceTree = "<group>";
		};
		B683ACFB253DE16500759C66 /* SampleNotifcation WatchKit Extension */ = {
			isa = PBXGroup;
			children = (
				B683ACFC253DE16500759C66 /* InterfaceController.swift */,
				B683ACFE253DE16500759C66 /* ExtensionDelegate.swift */,
				B683AD00253DE16500759C66 /* NotificationController.swift */,
				B683AD20253DE19600759C66 /* NotificationProcessor.swift */,
				B683AD02253DE16500759C66 /* ComplicationController.swift */,
				B67E6435253E109F00D40F58 /* PushNotificationPayload.apns */,
				B683AD04253DE16600759C66 /* Assets.xcassets */,
				B683AD06253DE16600759C66 /* Info.plist */,
				B683AD07253DE16600759C66 /* PushNotificationPayload.apns */,
			);
			path = "SampleNotifcation WatchKit Extension";
			sourceTree = "<group>";
		};
/* End PBXGroup section */

/* Begin PBXNativeTarget section */
		B683ACE3253DE16400759C66 /* SampleNotifcation */ = {
			isa = PBXNativeTarget;
			buildConfigurationList = B683AD12253DE16600759C66 /* Build configuration list for PBXNativeTarget "SampleNotifcation" */;
			buildPhases = (
				B683ACE2253DE16400759C66 /* Resources */,
				B683AD11253DE16600759C66 /* Embed Watch Content */,
			);
			buildRules = (
			);
			dependencies = (
				B683ACEB253DE16400759C66 /* PBXTargetDependency */,
			);
			name = SampleNotifcation;
			productName = SampleNotifcation;
			productReference = B683ACE4253DE16400759C66 /* SampleNotifcation.app */;
			productType = "com.apple.product-type.application.watchapp2-container";
		};
		B683ACE7253DE16400759C66 /* SampleNotifcation WatchKit App */ = {
			isa = PBXNativeTarget;
			buildConfigurationList = B683AD0E253DE16600759C66 /* Build configuration list for PBXNativeTarget "SampleNotifcation WatchKit App" */;
			buildPhases = (
				B683ACE6253DE16400759C66 /* Resources */,
				B683AD0D253DE16600759C66 /* Embed App Extensions */,
			);
			buildRules = (
			);
			dependencies = (
				B683ACFA253DE16500759C66 /* PBXTargetDependency */,
			);
			name = "SampleNotifcation WatchKit App";
			productName = "SampleNotifcation WatchKit App";
			productReference = B683ACE8253DE16400759C66 /* SampleNotifcation WatchKit App.app */;
			productType = "com.apple.product-type.application.watchapp2";
		};
		B683ACF6253DE16500759C66 /* SampleNotifcation WatchKit Extension */ = {
			isa = PBXNativeTarget;
			buildConfigurationList = B683AD0A253DE16600759C66 /* Build configuration list for PBXNativeTarget "SampleNotifcation WatchKit Extension" */;
			buildPhases = (
				B683ACF3253DE16500759C66 /* Sources */,
				B683ACF4253DE16500759C66 /* Frameworks */,
				B683ACF5253DE16500759C66 /* Resources */,
			);
			buildRules = (
			);
			dependencies = (
			);
			name = "SampleNotifcation WatchKit Extension";
			productName = "SampleNotifcation WatchKit Extension";
			productReference = B683ACF7253DE16500759C66 /* SampleNotifcation WatchKit Extension.appex */;
			productType = "com.apple.product-type.watchkit2-extension";
		};
/* End PBXNativeTarget section */

/* Begin PBXProject section */
		B683ACDE253DE16400759C66 /* Project object */ = {
			isa = PBXProject;
			attributes = {
				LastSwiftUpdateCheck = 1200;
				LastUpgradeCheck = 1200;
				TargetAttributes = {
					B683ACE3253DE16400759C66 = {
						CreatedOnToolsVersion = 12.0.1;
					};
					B683ACE7253DE16400759C66 = {
						CreatedOnToolsVersion = 12.0.1;
					};
					B683ACF6253DE16500759C66 = {
						CreatedOnToolsVersion = 12.0.1;
					};
				};
			};
			buildConfigurationList = B683ACE1253DE16400759C66 /* Build configuration list for PBXProject "SampleNotifcation" */;
			compatibilityVersion = "Xcode 9.3";
			developmentRegion = en;
			hasScannedForEncodings = 0;
			knownRegions = (
				en,
				Base,
			);
			mainGroup = B683ACDD253DE16400759C66;
			productRefGroup = B683ACE5253DE16400759C66 /* Products */;
			projectDirPath = "";
			projectRoot = "";
			targets = (
				B683ACE3253DE16400759C66 /* SampleNotifcation */,
				B683ACE7253DE16400759C66 /* SampleNotifcation WatchKit App */,
				B683ACF6253DE16500759C66 /* SampleNotifcation WatchKit Extension */,
			);
		};
/* End PBXProject section */

/* Begin PBXResourcesBuildPhase section */
		B683ACE2253DE16400759C66 /* Resources */ = {
			isa = PBXResourcesBuildPhase;
			buildActionMask = 2147483647;
			files = (
			);
			runOnlyForDeploymentPostprocessing = 0;
		};
		B683ACE6253DE16400759C66 /* Resources */ = {
			isa = PBXResourcesBuildPhase;
			buildActionMask = 2147483647;
			files = (
				B683ACF1253DE16500759C66 /* Assets.xcassets in Resources */,
				B683ACEF253DE16400759C66 /* Interface.storyboard in Resources */,
			);
			runOnlyForDeploymentPostprocessing = 0;
		};
		B683ACF5253DE16500759C66 /* Resources */ = {
			isa = PBXResourcesBuildPhase;
			buildActionMask = 2147483647;
			files = (
				B683AD05253DE16600759C66 /* Assets.xcassets in Resources */,
				B67E6436253E109F00D40F58 /* PushNotificationPayload.apns in Resources */,
			);
			runOnlyForDeploymentPostprocessing = 0;
		};
/* End PBXResourcesBuildPhase section */

/* Begin PBXSourcesBuildPhase section */
		B683ACF3253DE16500759C66 /* Sources */ = {
			isa = PBXSourcesBuildPhase;
			buildActionMask = 2147483647;
			files = (
				B683AD01253DE16500759C66 /* NotificationController.swift in Sources */,
				B683AD03253DE16500759C66 /* ComplicationController.swift in Sources */,
				B683ACFF253DE16500759C66 /* ExtensionDelegate.swift in Sources */,
				B683ACFD253DE16500759C66 /* InterfaceController.swift in Sources */,
				B683AD21253DE19600759C66 /* NotificationProcessor.swift in Sources */,
			);
			runOnlyForDeploymentPostprocessing = 0;
		};
/* End PBXSourcesBuildPhase section */

/* Begin PBXTargetDependency section */
		B683ACEB253DE16400759C66 /* PBXTargetDependency */ = {
			isa = PBXTargetDependency;
			target = B683ACE7253DE16400759C66 /* SampleNotifcation WatchKit App */;
			targetProxy = B683ACEA253DE16400759C66 /* PBXContainerItemProxy */;
		};
		B683ACFA253DE16500759C66 /* PBXTargetDependency */ = {
			isa = PBXTargetDependency;
			target = B683ACF6253DE16500759C66 /* SampleNotifcation WatchKit Extension */;
			targetProxy = B683ACF9253DE16500759C66 /* PBXContainerItemProxy */;
		};
/* End PBXTargetDependency section */

/* Begin PBXVariantGroup section */
		B683ACED253DE16400759C66 /* Interface.storyboard */ = {
			isa = PBXVariantGroup;
			children = (
				B683ACEE253DE16400759C66 /* Base */,
			);
			name = Interface.storyboard;
			sourceTree = "<group>";
		};
/* End PBXVariantGroup section */

/* Begin XCBuildConfiguration section */
		B683AD08253DE16600759C66 /* Debug */ = {
			isa = XCBuildConfiguration;
			buildSettings = {
				ALWAYS_SEARCH_USER_PATHS = NO;
				CLANG_ANALYZER_NONNULL = YES;
				CLANG_ANALYZER_NUMBER_OBJECT_CONVERSION = YES_AGGRESSIVE;
				CLANG_CXX_LANGUAGE_STANDARD = "gnu++14";
				CLANG_CXX_LIBRARY = "libc++";
				CLANG_ENABLE_MODULES = YES;
				CLANG_ENABLE_OBJC_ARC = YES;
				CLANG_ENABLE_OBJC_WEAK = YES;
				CLANG_WARN_BLOCK_CAPTURE_AUTORELEASING = YES;
				CLANG_WARN_BOOL_CONVERSION = YES;
				CLANG_WARN_COMMA = YES;
				CLANG_WARN_CONSTANT_CONVERSION = YES;
				CLANG_WARN_DEPRECATED_OBJC_IMPLEMENTATIONS = YES;
				CLANG_WARN_DIRECT_OBJC_ISA_USAGE = YES_ERROR;
				CLANG_WARN_DOCUMENTATION_COMMENTS = YES;
				CLANG_WARN_EMPTY_BODY = YES;
				CLANG_WARN_ENUM_CONVERSION = YES;
				CLANG_WARN_INFINITE_RECURSION = YES;
				CLANG_WARN_INT_CONVERSION = YES;
				CLANG_WARN_NON_LITERAL_NULL_CONVERSION = YES;
				CLANG_WARN_OBJC_IMPLICIT_RETAIN_SELF = YES;
				CLANG_WARN_OBJC_LITERAL_CONVERSION = YES;
				CLANG_WARN_OBJC_ROOT_CLASS = YES_ERROR;
				CLANG_WARN_QUOTED_INCLUDE_IN_FRAMEWORK_HEADER = YES;
				CLANG_WARN_RANGE_LOOP_ANALYSIS = YES;
				CLANG_WARN_STRICT_PROTOTYPES = YES;
				CLANG_WARN_SUSPICIOUS_MOVE = YES;
				CLANG_WARN_UNGUARDED_AVAILABILITY = YES_AGGRESSIVE;
				CLANG_WARN_UNREACHABLE_CODE = YES;
				CLANG_WARN__DUPLICATE_METHOD_MATCH = YES;
				COPY_PHASE_STRIP = NO;
				DEBUG_INFORMATION_FORMAT = dwarf;
				ENABLE_STRICT_OBJC_MSGSEND = YES;
				ENABLE_TESTABILITY = YES;
				GCC_C_LANGUAGE_STANDARD = gnu11;
				GCC_DYNAMIC_NO_PIC = NO;
				GCC_NO_COMMON_BLOCKS = YES;
				GCC_OPTIMIZATION_LEVEL = 0;
				GCC_PREPROCESSOR_DEFINITIONS = (
					"DEBUG=1",
					"$(inherited)",
				);
				GCC_WARN_64_TO_32_BIT_CONVERSION = YES;
				GCC_WARN_ABOUT_RETURN_TYPE = YES_ERROR;
				GCC_WARN_UNDECLARED_SELECTOR = YES;
				GCC_WARN_UNINITIALIZED_AUTOS = YES_AGGRESSIVE;
				GCC_WARN_UNUSED_FUNCTION = YES;
				GCC_WARN_UNUSED_VARIABLE = YES;
				MTL_ENABLE_DEBUG_INFO = INCLUDE_SOURCE;
				MTL_FAST_MATH = YES;
				ONLY_ACTIVE_ARCH = YES;
				SDKROOT = iphoneos;
				SWIFT_ACTIVE_COMPILATION_CONDITIONS = DEBUG;
				SWIFT_OPTIMIZATION_LEVEL = "-Onone";
			};
			name = Debug;
		};
		B683AD09253DE16600759C66 /* Release */ = {
			isa = XCBuildConfiguration;
			buildSettings = {
				ALWAYS_SEARCH_USER_PATHS = NO;
				CLANG_ANALYZER_NONNULL = YES;
				CLANG_ANALYZER_NUMBER_OBJECT_CONVERSION = YES_AGGRESSIVE;
				CLANG_CXX_LANGUAGE_STANDARD = "gnu++14";
				CLANG_CXX_LIBRARY = "libc++";
				CLANG_ENABLE_MODULES = YES;
				CLANG_ENABLE_OBJC_ARC = YES;
				CLANG_ENABLE_OBJC_WEAK = YES;
				CLANG_WARN_BLOCK_CAPTURE_AUTORELEASING = YES;
				CLANG_WARN_BOOL_CONVERSION = YES;
				CLANG_WARN_COMMA = YES;
				CLANG_WARN_CONSTANT_CONVERSION = YES;
				CLANG_WARN_DEPRECATED_OBJC_IMPLEMENTATIONS = YES;
				CLANG_WARN_DIRECT_OBJC_ISA_USAGE = YES_ERROR;
				CLANG_WARN_DOCUMENTATION_COMMENTS = YES;
				CLANG_WARN_EMPTY_BODY = YES;
				CLANG_WARN_ENUM_CONVERSION = YES;
				CLANG_WARN_INFINITE_RECURSION = YES;
				CLANG_WARN_INT_CONVERSION = YES;
				CLANG_WARN_NON_LITERAL_NULL_CONVERSION = YES;
				CLANG_WARN_OBJC_IMPLICIT_RETAIN_SELF = YES;
				CLANG_WARN_OBJC_LITERAL_CONVERSION = YES;
				CLANG_WARN_OBJC_ROOT_CLASS = YES_ERROR;
				CLANG_WARN_QUOTED_INCLUDE_IN_FRAMEWORK_HEADER = YES;
				CLANG_WARN_RANGE_LOOP_ANALYSIS = YES;
				CLANG_WARN_STRICT_PROTOTYPES = YES;
				CLANG_WARN_SUSPICIOUS_MOVE = YES;
				CLANG_WARN_UNGUARDED_AVAILABILITY = YES_AGGRESSIVE;
				CLANG_WARN_UNREACHABLE_CODE = YES;
				CLANG_WARN__DUPLICATE_METHOD_MATCH = YES;
				COPY_PHASE_STRIP = NO;
				DEBUG_INFORMATION_FORMAT = "dwarf-with-dsym";
				ENABLE_NS_ASSERTIONS = NO;
				ENABLE_STRICT_OBJC_MSGSEND = YES;
				GCC_C_LANGUAGE_STANDARD = gnu11;
				GCC_NO_COMMON_BLOCKS = YES;
				GCC_WARN_64_TO_32_BIT_CONVERSION = YES;
				GCC_WARN_ABOUT_RETURN_TYPE = YES_ERROR;
				GCC_WARN_UNDECLARED_SELECTOR = YES;
				GCC_WARN_UNINITIALIZED_AUTOS = YES_AGGRESSIVE;
				GCC_WARN_UNUSED_FUNCTION = YES;
				GCC_WARN_UNUSED_VARIABLE = YES;
				MTL_ENABLE_DEBUG_INFO = NO;
				MTL_FAST_MATH = YES;
				SDKROOT = iphoneos;
				SWIFT_COMPILATION_MODE = wholemodule;
				SWIFT_OPTIMIZATION_LEVEL = "-O";
				VALIDATE_PRODUCT = YES;
			};
			name = Release;
		};
		B683AD0B253DE16600759C66 /* Debug */ = {
			isa = XCBuildConfiguration;
			buildSettings = {
				ASSETCATALOG_COMPILER_COMPLICATION_NAME = Complication;
				CODE_SIGN_STYLE = Automatic;
				DEVELOPMENT_TEAM = "";
				INFOPLIST_FILE = "SampleNotifcation WatchKit Extension/Info.plist";
				LD_RUNPATH_SEARCH_PATHS = (
					"$(inherited)",
					"@executable_path/Frameworks",
					"@executable_path/../../Frameworks",
				);
				PRODUCT_BUNDLE_IDENTIFIER = com.PushNotification.SampleNotifcation.watchkitapp.watchkitextension;
				PRODUCT_NAME = "${TARGET_NAME}";
				SDKROOT = watchos;
				SKIP_INSTALL = YES;
				SWIFT_VERSION = 5.0;
				TARGETED_DEVICE_FAMILY = 4;
				WATCHOS_DEPLOYMENT_TARGET = 7.0;
			};
			name = Debug;
		};
		B683AD0C253DE16600759C66 /* Release */ = {
			isa = XCBuildConfiguration;
			buildSettings = {
				ASSETCATALOG_COMPILER_COMPLICATION_NAME = Complication;
				CODE_SIGN_STYLE = Automatic;
				DEVELOPMENT_TEAM = "";
				INFOPLIST_FILE = "SampleNotifcation WatchKit Extension/Info.plist";
				LD_RUNPATH_SEARCH_PATHS = (
					"$(inherited)",
					"@executable_path/Frameworks",
					"@executable_path/../../Frameworks",
				);
				PRODUCT_BUNDLE_IDENTIFIER = com.PushNotification.SampleNotifcation.watchkitapp.watchkitextension;
				PRODUCT_NAME = "${TARGET_NAME}";
				SDKROOT = watchos;
				SKIP_INSTALL = YES;
				SWIFT_VERSION = 5.0;
				TARGETED_DEVICE_FAMILY = 4;
				WATCHOS_DEPLOYMENT_TARGET = 7.0;
			};
			name = Release;
		};
		B683AD0F253DE16600759C66 /* Debug */ = {
			isa = XCBuildConfiguration;
			buildSettings = {
				ALWAYS_EMBED_SWIFT_STANDARD_LIBRARIES = YES;
				ASSETCATALOG_COMPILER_APPICON_NAME = AppIcon;
				ASSETCATALOG_COMPILER_GLOBAL_ACCENT_COLOR_NAME = AccentColor;
				CODE_SIGN_STYLE = Automatic;
				DEVELOPMENT_TEAM = "";
				IBSC_MODULE = SampleNotifcation_WatchKit_Extension;
				INFOPLIST_FILE = "SampleNotifcation WatchKit App/Info.plist";
				PRODUCT_BUNDLE_IDENTIFIER = com.PushNotification.SampleNotifcation.watchkitapp;
				PRODUCT_NAME = "$(TARGET_NAME)";
				SDKROOT = watchos;
				SKIP_INSTALL = YES;
				SWIFT_VERSION = 5.0;
				TARGETED_DEVICE_FAMILY = 4;
				WATCHOS_DEPLOYMENT_TARGET = 7.0;
			};
			name = Debug;
		};
		B683AD10253DE16600759C66 /* Release */ = {
			isa = XCBuildConfiguration;
			buildSettings = {
				ALWAYS_EMBED_SWIFT_STANDARD_LIBRARIES = YES;
				ASSETCATALOG_COMPILER_APPICON_NAME = AppIcon;
				ASSETCATALOG_COMPILER_GLOBAL_ACCENT_COLOR_NAME = AccentColor;
				CODE_SIGN_STYLE = Automatic;
				DEVELOPMENT_TEAM = "";
				IBSC_MODULE = SampleNotifcation_WatchKit_Extension;
				INFOPLIST_FILE = "SampleNotifcation WatchKit App/Info.plist";
				PRODUCT_BUNDLE_IDENTIFIER = com.PushNotification.SampleNotifcation.watchkitapp;
				PRODUCT_NAME = "$(TARGET_NAME)";
				SDKROOT = watchos;
				SKIP_INSTALL = YES;
				SWIFT_VERSION = 5.0;
				TARGETED_DEVICE_FAMILY = 4;
				WATCHOS_DEPLOYMENT_TARGET = 7.0;
			};
			name = Release;
		};
		B683AD13253DE16600759C66 /* Debug */ = {
			isa = XCBuildConfiguration;
			buildSettings = {
				CODE_SIGN_STYLE = Automatic;
				CURRENT_PROJECT_VERSION = 1;
				DEVELOPMENT_TEAM = "";
				MARKETING_VERSION = 1.0;
				PRODUCT_BUNDLE_IDENTIFIER = com.PushNotification.SampleNotifcation;
				PRODUCT_NAME = "$(TARGET_NAME)";
				SWIFT_VERSION = 5.0;
			};
			name = Debug;
		};
		B683AD14253DE16600759C66 /* Release */ = {
			isa = XCBuildConfiguration;
			buildSettings = {
				CODE_SIGN_STYLE = Automatic;
				CURRENT_PROJECT_VERSION = 1;
				DEVELOPMENT_TEAM = "";
				MARKETING_VERSION = 1.0;
				PRODUCT_BUNDLE_IDENTIFIER = com.PushNotification.SampleNotifcation;
				PRODUCT_NAME = "$(TARGET_NAME)";
				SWIFT_VERSION = 5.0;
			};
			name = Release;
		};
/* End XCBuildConfiguration section */

/* Begin XCConfigurationList section */
		B683ACE1253DE16400759C66 /* Build configuration list for PBXProject "SampleNotifcation" */ = {
			isa = XCConfigurationList;
			buildConfigurations = (
				B683AD08253DE16600759C66 /* Debug */,
				B683AD09253DE16600759C66 /* Release */,
			);
			defaultConfigurationIsVisible = 0;
			defaultConfigurationName = Release;
		};
		B683AD0A253DE16600759C66 /* Build configuration list for PBXNativeTarget "SampleNotifcation WatchKit Extension" */ = {
			isa = XCConfigurationList;
			buildConfigurations = (
				B683AD0B253DE16600759C66 /* Debug */,
				B683AD0C253DE16600759C66 /* Release */,
			);
			defaultConfigurationIsVisible = 0;
			defaultConfigurationName = Release;
		};
		B683AD0E253DE16600759C66 /* Build configuration list for PBXNativeTarget "SampleNotifcation WatchKit App" */ = {
			isa = XCConfigurationList;
			buildConfigurations = (
				B683AD0F253DE16600759C66 /* Debug */,
				B683AD10253DE16600759C66 /* Release */,
			);
			defaultConfigurationIsVisible = 0;
			defaultConfigurationName = Release;
		};
		B683AD12253DE16600759C66 /* Build configuration list for PBXNativeTarget "SampleNotifcation" */ = {
			isa = XCConfigurationList;
			buildConfigurations = (
				B683AD13253DE16600759C66 /* Debug */,
				B683AD14253DE16600759C66 /* Release */,
			);
			defaultConfigurationIsVisible = 0;
			defaultConfigurationName = Release;
		};
/* End XCConfigurationList section */
	};
	rootObject = B683ACDE253DE16400759C66 /* Project object */;
}
